
Microsoft Visual Studio Solution File, Format Version 12.00
# Visual Studio Version 17
VisualStudioVersion = 17.0.31903.59
MinimumVisualStudioVersion = 10.0.40219.1
Project("{2150E333-8FDC-42A3-9474-1A3956D46DE8}") = "src", "src", "{563073CB-745A-4713-AC7C-7975317F44A0}"
EndProject
Project("{FAE04EC0-301F-11D3-BF4B-00C04F79EFBC}") = "Project.API", "src\Project.API\Project.API.csproj", "{A1186842-9DE0-4E61-BEA6-BDB4FE6C05B5}"
EndProject
Project("{FAE04EC0-301F-11D3-BF4B-00C04F79EFBC}") = "Project.Domain", "src\Project.Domain\Project.Domain.csproj", "{51B8B0F6-0B71-4735-B8C0-177E1607EAE0}"
EndProject
Project("{FAE04EC0-301F-11D3-BF4B-00C04F79EFBC}") = "Project.Application", "src\Project.Application\Project.Application.csproj", "{BC167A9D-C276-463F-B193-AF77A01A2A6B}"
EndProject
Project("{FAE04EC0-301F-11D3-BF4B-00C04F79EFBC}") = "Project.Infrastructure", "src\Project.Infrastructure\Project.Infrastructure.csproj", "{3DD5828F-CCB9-48C1-A818-73134E63DCC1}"
EndProject
Project("{2150E333-8FDC-42A3-9474-1A3956D46DE8}") = "tests", "tests", "{5264F9DC-2355-4213-A4A7-37BCFCABDD78}"
EndProject
Project("{FAE04EC0-301F-11D3-BF4B-00C04F79EFBC}") = "Project.Domain.Tests", "tests\Project.Domain.Tests\Project.Domain.Tests.csproj", "{6664DE83-C18A-44BD-8898-EF817CCDBC68}"
EndProject
Project("{FAE04EC0-301F-11D3-BF4B-00C04F79EFBC}") = "Project.Application.Tests", "tests\Project.Application.Tests\Project.Application.Tests.csproj", "{21EF66B1-37C9-45C2-8BFC-0707880244D3}"
EndProject
Project("{FAE04EC0-301F-11D3-BF4B-00C04F79EFBC}") = "Project.Infrastructure.Tests", "tests\Project.Infrastructure.Tests\Project.Infrastructure.Tests.csproj", "{084BCF4E-0B78-4BE9-B588-8CF751BD5810}"
EndProject
Project("{FAE04EC0-301F-11D3-BF4B-00C04F79EFBC}") = "Project.API.Tests", "tests\Project.API.Tests\Project.API.Tests.csproj", "{50462CA5-59F5-4BE4-99B0-EC16E54F2B76}"
EndProject
Global
	GlobalSection(SolutionConfigurationPlatforms) = preSolution
		Debug|Any CPU = Debug|Any CPU
		Release|Any CPU = Release|Any CPU
	EndGlobalSection
	GlobalSection(SolutionProperties) = preSolution
		HideSolutionNode = FALSE
	EndGlobalSection
	GlobalSection(ProjectConfigurationPlatforms) = postSolution
		{A1186842-9DE0-4E61-BEA6-BDB4FE6C05B5}.Debug|Any CPU.ActiveCfg = Debug|Any CPU
		{A1186842-9DE0-4E61-BEA6-BDB4FE6C05B5}.Debug|Any CPU.Build.0 = Debug|Any CPU
		{A1186842-9DE0-4E61-BEA6-BDB4FE6C05B5}.Release|Any CPU.ActiveCfg = Release|Any CPU
		{A1186842-9DE0-4E61-BEA6-BDB4FE6C05B5}.Release|Any CPU.Build.0 = Release|Any CPU
		{51B8B0F6-0B71-4735-B8C0-177E1607EAE0}.Debug|Any CPU.ActiveCfg = Debug|Any CPU
		{51B8B0F6-0B71-4735-B8C0-177E1607EAE0}.Debug|Any CPU.Build.0 = Debug|Any CPU
		{51B8B0F6-0B71-4735-B8C0-177E1607EAE0}.Release|Any CPU.ActiveCfg = Release|Any CPU
		{51B8B0F6-0B71-4735-B8C0-177E1607EAE0}.Release|Any CPU.Build.0 = Release|Any CPU
		{BC167A9D-C276-463F-B193-AF77A01A2A6B}.Debug|Any CPU.ActiveCfg = Debug|Any CPU
		{BC167A9D-C276-463F-B193-AF77A01A2A6B}.Debug|Any CPU.Build.0 = Debug|Any CPU
		{BC167A9D-C276-463F-B193-AF77A01A2A6B}.Release|Any CPU.ActiveCfg = Release|Any CPU
		{BC167A9D-C276-463F-B193-AF77A01A2A6B}.Release|Any CPU.Build.0 = Release|Any CPU
		{3DD5828F-CCB9-48C1-A818-73134E63DCC1}.Debug|Any CPU.ActiveCfg = Debug|Any CPU
		{3DD5828F-CCB9-48C1-A818-73134E63DCC1}.Debug|Any CPU.Build.0 = Debug|Any CPU
		{3DD5828F-CCB9-48C1-A818-73134E63DCC1}.Release|Any CPU.ActiveCfg = Release|Any CPU
		{3DD5828F-CCB9-48C1-A818-73134E63DCC1}.Release|Any CPU.Build.0 = Release|Any CPU
		{6664DE83-C18A-44BD-8898-EF817CCDBC68}.Debug|Any CPU.ActiveCfg = Debug|Any CPU
		{6664DE83-C18A-44BD-8898-EF817CCDBC68}.Debug|Any CPU.Build.0 = Debug|Any CPU
		{6664DE83-C18A-44BD-8898-EF817CCDBC68}.Release|Any CPU.ActiveCfg = Release|Any CPU
		{6664DE83-C18A-44BD-8898-EF817CCDBC68}.Release|Any CPU.Build.0 = Release|Any CPU
		{21EF66B1-37C9-45C2-8BFC-0707880244D3}.Debug|Any CPU.ActiveCfg = Debug|Any CPU
		{21EF66B1-37C9-45C2-8BFC-0707880244D3}.Debug|Any CPU.Build.0 = Debug|Any CPU
		{21EF66B1-37C9-45C2-8BFC-0707880244D3}.Release|Any CPU.ActiveCfg = Release|Any CPU
		{21EF66B1-37C9-45C2-8BFC-0707880244D3}.Release|Any CPU.Build.0 = Release|Any CPU
		{084BCF4E-0B78-4BE9-B588-8CF751BD5810}.Debug|Any CPU.ActiveCfg = Debug|Any CPU
		{084BCF4E-0B78-4BE9-B588-8CF751BD5810}.Debug|Any CPU.Build.0 = Debug|Any CPU
		{084BCF4E-0B78-4BE9-B588-8CF751BD5810}.Release|Any CPU.ActiveCfg = Release|Any CPU
		{084BCF4E-0B78-4BE9-B588-8CF751BD5810}.Release|Any CPU.Build.0 = Release|Any CPU
		{50462CA5-59F5-4BE4-99B0-EC16E54F2B76}.Debug|Any CPU.ActiveCfg = Debug|Any CPU
		{50462CA5-59F5-4BE4-99B0-EC16E54F2B76}.Debug|Any CPU.Build.0 = Debug|Any CPU
		{50462CA5-59F5-4BE4-99B0-EC16E54F2B76}.Release|Any CPU.ActiveCfg = Release|Any CPU
		{50462CA5-59F5-4BE4-99B0-EC16E54F2B76}.Release|Any CPU.Build.0 = Release|Any CPU
	EndGlobalSection
	GlobalSection(NestedProjects) = preSolution
		{A1186842-9DE0-4E61-BEA6-BDB4FE6C05B5} = {563073CB-745A-4713-AC7C-7975317F44A0}
		{51B8B0F6-0B71-4735-B8C0-177E1607EAE0} = {563073CB-745A-4713-AC7C-7975317F44A0}
		{BC167A9D-C276-463F-B193-AF77A01A2A6B} = {563073CB-745A-4713-AC7C-7975317F44A0}
		{3DD5828F-CCB9-48C1-A818-73134E63DCC1} = {563073CB-745A-4713-AC7C-7975317F44A0}
		{6664DE83-C18A-44BD-8898-EF817CCDBC68} = {5264F9DC-2355-4213-A4A7-37BCFCABDD78}
		{21EF66B1-37C9-45C2-8BFC-0707880244D3} = {5264F9DC-2355-4213-A4A7-37BCFCABDD78}
		{084BCF4E-0B78-4BE9-B588-8CF751BD5810} = {5264F9DC-2355-4213-A4A7-37BCFCABDD78}
		{50462CA5-59F5-4BE4-99B0-EC16E54F2B76} = {5264F9DC-2355-4213-A4A7-37BCFCABDD78}
	EndGlobalSection
EndGlobal
